# This file is automatically @generated by Cargo.
# It is not intended for manual editing.
version = 4

[[package]]
name = "aho-corasick"
version = "1.1.2"
source = "registry+https://github.com/rust-lang/crates.io-index"
checksum = "b2969dcb958b36655471fc61f7e416fa76033bdd4bfed0678d8fee1e2d07a1f0"
dependencies = [
 "memchr",
]

[[package]]
name = "anyhow"
version = "1.0.79"
source = "registry+https://github.com/rust-lang/crates.io-index"
checksum = "080e9890a082662b09c1ad45f567faeeb47f22b5fb23895fbe1e651e718e25ca"

[[package]]
name = "base64"
version = "0.13.1"
source = "registry+https://github.com/rust-lang/crates.io-index"
checksum = "9e1b586273c5702936fe7b7d6896644d8be71e6314cfe09d3167c95f712589e8"

[[package]]
name = "base64"
version = "0.21.7"
source = "registry+https://github.com/rust-lang/crates.io-index"
checksum = "9d297deb1925b89f2ccc13d7635fa0714f12c87adce1c75356b39ca9b7178567"

[[package]]
name = "bitflags"
version = "1.3.2"
source = "registry+https://github.com/rust-lang/crates.io-index"
checksum = "bef38d45163c2f1dde094a7dfd33ccf595c92905c8f8f4fdc18d06fb1037718a"

[[package]]
name = "block-buffer"
version = "0.9.0"
source = "registry+https://github.com/rust-lang/crates.io-index"
checksum = "4152116fd6e9dadb291ae18fc1ec3575ed6d84c29642d97890f4b4a3417297e4"
dependencies = [
 "generic-array",
]

[[package]]
name = "byteorder"
version = "1.5.0"
source = "registry+https://github.com/rust-lang/crates.io-index"
checksum = "1fd0f2584146f6f2ef48085050886acf353beff7305ebd1ae69500e27c67f64b"

[[package]]
name = "bytes"
version = "1.5.0"
source = "registry+https://github.com/rust-lang/crates.io-index"
checksum = "a2bd12c1caf447e69cd4528f47f94d203fd2582878ecb9e9465484c4148a8223"

[[package]]
name = "cfg-if"
version = "1.0.0"
source = "registry+https://github.com/rust-lang/crates.io-index"
checksum = "baf1de4339761588bc0619e3cbc0120ee582ebb74b53b4efbf79117bd2da40fd"

[[package]]
name = "cpufeatures"
version = "0.2.12"
source = "registry+https://github.com/rust-lang/crates.io-index"
checksum = "53fe5e26ff1b7aef8bca9c6080520cfb8d9333c7568e1829cef191a9723e5504"
dependencies = [
 "libc",
]

[[package]]
name = "deranged"
version = "0.4.0"
source = "registry+https://github.com/rust-lang/crates.io-index"
checksum = "9c9e6a11ca8224451684bc0d7d5a7adbf8f2fd6887261a1cfc3c0432f9d4068e"
dependencies = [
 "powerfmt",
 "serde",
]

[[package]]
name = "digest"
version = "0.9.0"
source = "registry+https://github.com/rust-lang/crates.io-index"
checksum = "d3dd60d1080a57a05ab032377049e0591415d2b31afd7028356dbf3cc6dcb066"
dependencies = [
 "generic-array",
]

[[package]]
name = "dns-message-parser"
version = "0.7.0"
source = "registry+https://github.com/rust-lang/crates.io-index"
checksum = "c6051c76d5ba35c0b5f7d99c3604348467a4933310bdc7a2ba879f8218f3382d"
dependencies = [
 "base64 0.13.1",
 "bytes",
 "hex",
 "thiserror",
]

[[package]]
name = "dns-over-https-wasm"
version = "0.1.0"
dependencies = [
 "anyhow",
 "base64 0.21.7",
 "bytes",
 "dns-message-parser",
 "dns-parser",
 "fastly 0.10.5",
 "log",
 "log-fastly",
 "phf",
 "phf_codegen",
 "serde",
 "serde_json",
 "thiserror",
 "time",
]

[[package]]
name = "dns-parser"
version = "0.8.0"
source = "registry+https://github.com/rust-lang/crates.io-index"
checksum = "c4d33be9473d06f75f58220f71f7a9317aca647dc061dbd3c361b0bef505fbea"
dependencies = [
 "byteorder",
 "quick-error",
]

[[package]]
name = "elsa"
version = "1.11.2"
source = "registry+https://github.com/rust-lang/crates.io-index"
checksum = "9abf33c656a7256451ebb7d0082c5a471820c31269e49d807c538c252352186e"
dependencies = [
 "stable_deref_trait",
]

[[package]]
name = "fastly"
version = "0.9.5"
source = "registry+https://github.com/rust-lang/crates.io-index"
checksum = "1b59249dde10f901c578a8eb50577e3c6ee062b0e75f70f9d852da05b75c664d"
dependencies = [
 "anyhow",
 "bytes",
 "cfg-if",
 "fastly-macros 0.9.10",
 "fastly-shared 0.9.10",
 "fastly-sys 0.9.10",
 "http 0.2.11",
 "lazy_static",
 "mime",
 "serde",
 "serde_json",
 "serde_urlencoded",
 "sha2",
 "thiserror",
 "time",
 "url",
]

[[package]]
name = "fastly"
version = "0.10.5"
source = "registry+https://github.com/rust-lang/crates.io-index"
checksum = "291f8c77eadfb49f5c258263c4d020143ac00d8b6170cd0c3e8c2e7f15ef2b61"
dependencies = [
 "anyhow",
 "bytes",
 "elsa",
 "fastly-macros 0.10.5",
 "fastly-shared 0.10.5",
 "fastly-sys 0.10.5",
 "http 1.3.1",
 "lazy_static",
 "mime",
 "serde",
 "serde_json",
 "serde_urlencoded",
 "sha2",
 "smallvec",
 "thiserror",
 "time",
 "url",
]

[[package]]
name = "fastly-macros"
version = "0.9.10"
source = "registry+https://github.com/rust-lang/crates.io-index"
checksum = "583252945edd226a815f1353c2d38c7c41404630416272cea3d6c2d1c5121407"
dependencies = [
 "proc-macro2",
 "quote",
 "syn 1.0.109",
]

[[package]]
name = "fastly-macros"
version = "0.10.5"
source = "registry+https://github.com/rust-lang/crates.io-index"
checksum = "318a46d3977f84c106a295b232f73c6553b6c61cfcfd34aa487038e495486285"
dependencies = [
 "proc-macro2",
 "quote",
 "syn 1.0.109",
]

[[package]]
name = "fastly-shared"
version = "0.9.10"
source = "registry+https://github.com/rust-lang/crates.io-index"
checksum = "00dd10780f3010877e2177e6ecc72a046a72a7791f0987da1b76a275162caf42"
dependencies = [
 "bitflags",
 "http 0.2.11",
 "thiserror",
]

[[package]]
name = "fastly-shared"
version = "0.10.5"
source = "registry+https://github.com/rust-lang/crates.io-index"
checksum = "8d3d3fae2a497c92302b8f86365c26027345800ead360c758ed6dc25f743fbde"
dependencies = [
 "bitflags",
 "http 1.3.1",
]

[[package]]
name = "fastly-sys"
version = "0.9.10"
source = "registry+https://github.com/rust-lang/crates.io-index"
checksum = "25a531b8b1e632a9b889abb8c863eb7fe83454073fef35c20ba6f7b05a8e215d"
dependencies = [
 "bitflags",
 "fastly-shared 0.9.10",
]

[[package]]
name = "fastly-sys"
version = "0.10.5"
source = "registry+https://github.com/rust-lang/crates.io-index"
checksum = "a8a916457afd05221a21c766a4d5f8a32189bc337da45fff5f2ec073170b4985"
dependencies = [
 "bitflags",
 "fastly-shared 0.10.5",
]

[[package]]
name = "fnv"
version = "1.0.7"
source = "registry+https://github.com/rust-lang/crates.io-index"
checksum = "3f9eec918d3f24069decb9af1554cad7c880e2da24a9afd88aca000531ab82c1"

[[package]]
name = "form_urlencoded"
version = "1.2.1"
source = "registry+https://github.com/rust-lang/crates.io-index"
checksum = "e13624c2627564efccf4934284bdd98cbaa14e79b0b5a141218e507b3a823456"
dependencies = [
 "percent-encoding",
]

[[package]]
name = "generic-array"
version = "0.14.7"
source = "registry+https://github.com/rust-lang/crates.io-index"
checksum = "85649ca51fd72272d7821adaf274ad91c288277713d9c18820d8499a7ff69e9a"
dependencies = [
 "typenum",
 "version_check",
]

[[package]]
name = "hex"
version = "0.4.3"
source = "registry+https://github.com/rust-lang/crates.io-index"
checksum = "7f24254aa9a54b5c858eaee2f5bccdb46aaf0e486a595ed5fd8f86ba55232a70"

[[package]]
name = "http"
version = "0.2.11"
source = "registry+https://github.com/rust-lang/crates.io-index"
checksum = "8947b1a6fad4393052c7ba1f4cd97bed3e953a95c79c92ad9b051a04611d9fbb"
dependencies = [
 "bytes",
 "fnv",
 "itoa",
]

[[package]]
name = "http"
version = "1.3.1"
source = "registry+https://github.com/rust-lang/crates.io-index"
checksum = "f4a85d31aea989eead29a3aaf9e1115a180df8282431156e533de47660892565"
dependencies = [
 "bytes",
 "fnv",
 "itoa",
]

[[package]]
name = "idna"
version = "0.5.0"
source = "registry+https://github.com/rust-lang/crates.io-index"
checksum = "634d9b1461af396cad843f47fdba5597a4f9e6ddd4bfb6ff5d85028c25cb12f6"
dependencies = [
 "unicode-bidi",
 "unicode-normalization",
]

[[package]]
name = "itoa"
version = "1.0.15"
source = "registry+https://github.com/rust-lang/crates.io-index"
checksum = "4a5f13b858c8d314ee3e8f639011f7ccefe71f97f96e50151fb991f267928e2c"

[[package]]
name = "lazy_static"
version = "1.4.0"
source = "registry+https://github.com/rust-lang/crates.io-index"
checksum = "e2abad23fbc42b3700f2f279844dc832adb2b2eb069b2df918f455c4e18cc646"

[[package]]
name = "libc"
version = "0.2.152"
source = "registry+https://github.com/rust-lang/crates.io-index"
checksum = "13e3bf6590cbc649f4d1a3eefc9d5d6eb746f5200ffb04e5e142700b8faa56e7"

[[package]]
name = "log"
version = "0.4.20"
source = "registry+https://github.com/rust-lang/crates.io-index"
checksum = "b5e6163cb8c49088c2c36f57875e58ccd8c87c7427f7fbd50ea6710b2f3f2e8f"

[[package]]
name = "log-fastly"
version = "0.9.5"
source = "registry+https://github.com/rust-lang/crates.io-index"
checksum = "3433319b60496ab5b78a7d464c89b31913f8153db2a34694d184c11b428d4ed5"
dependencies = [
 "fastly 0.9.5",
 "log",
 "regex",
]

[[package]]
name = "memchr"
version = "2.7.1"
source = "registry+https://github.com/rust-lang/crates.io-index"
checksum = "523dc4f511e55ab87b694dc30d0f820d60906ef06413f93d4d7a1385599cc149"

[[package]]
name = "mime"
version = "0.3.17"
source = "registry+https://github.com/rust-lang/crates.io-index"
checksum = "6877bb514081ee2a7ff5ef9de3281f14a4dd4bceac4c09388074a6b5df8a139a"

[[package]]
name = "num-conv"
version = "0.1.0"
source = "registry+https://github.com/rust-lang/crates.io-index"
checksum = "51d515d32fb182ee37cda2ccdcb92950d6a3c2893aa280e540671c2cd0f3b1d9"

[[package]]
name = "opaque-debug"
version = "0.3.0"
source = "registry+https://github.com/rust-lang/crates.io-index"
checksum = "624a8340c38c1b80fd549087862da4ba43e08858af025b236e509b6649fc13d5"

[[package]]
name = "percent-encoding"
version = "2.3.1"
source = "registry+https://github.com/rust-lang/crates.io-index"
checksum = "e3148f5046208a5d56bcfc03053e3ca6334e51da8dfb19b6cdc8b306fae3283e"

[[package]]
name = "phf"
version = "0.11.3"
source = "registry+https://github.com/rust-lang/crates.io-index"
checksum = "1fd6780a80ae0c52cc120a26a1a42c1ae51b247a253e4e06113d23d2c2edd078"
dependencies = [
 "phf_shared",
]

[[package]]
name = "phf_codegen"
version = "0.11.3"
source = "registry+https://github.com/rust-lang/crates.io-index"
checksum = "aef8048c789fa5e851558d709946d6d79a8ff88c0440c587967f8e94bfb1216a"
dependencies = [
 "phf_generator",
 "phf_shared",
]

[[package]]
name = "phf_generator"
version = "0.11.3"
source = "registry+https://github.com/rust-lang/crates.io-index"
checksum = "3c80231409c20246a13fddb31776fb942c38553c51e871f8cbd687a4cfb5843d"
dependencies = [
 "phf_shared",
 "rand",
]

[[package]]
name = "phf_shared"
version = "0.11.3"
source = "registry+https://github.com/rust-lang/crates.io-index"
checksum = "67eabc2ef2a60eb7faa00097bd1ffdb5bd28e62bf39990626a582201b7a754e5"
dependencies = [
 "siphasher",
]

[[package]]
name = "powerfmt"
version = "0.2.0"
source = "registry+https://github.com/rust-lang/crates.io-index"
checksum = "439ee305def115ba05938db6eb1644ff94165c5ab5e9420d1c1bcedbba909391"

[[package]]
name = "proc-macro2"
version = "1.0.94"
source = "registry+https://github.com/rust-lang/crates.io-index"
checksum = "a31971752e70b8b2686d7e46ec17fb38dad4051d94024c88df49b667caea9c84"
dependencies = [
 "unicode-ident",
]

[[package]]
name = "quick-error"
version = "1.2.3"
source = "registry+https://github.com/rust-lang/crates.io-index"
checksum = "a1d01941d82fa2ab50be1e79e6714289dd7cde78eba4c074bc5a4374f650dfe0"

[[package]]
name = "quote"
version = "1.0.40"
source = "registry+https://github.com/rust-lang/crates.io-index"
checksum = "1885c039570dc00dcb4ff087a89e185fd56bae234ddc7f056a945bf36467248d"
dependencies = [
 "proc-macro2",
]

[[package]]
name = "rand"
version = "0.8.5"
source = "registry+https://github.com/rust-lang/crates.io-index"
checksum = "34af8d1a0e25924bc5b7c43c079c942339d8f0a8b57c39049bef581b46327404"
dependencies = [
 "rand_core",
]

[[package]]
name = "rand_core"
version = "0.6.4"
source = "registry+https://github.com/rust-lang/crates.io-index"
checksum = "ec0be4795e2f6a28069bec0b5ff3e2ac9bafc99e6a9a7dc3547996c5c816922c"

[[package]]
name = "regex"
version = "1.10.3"
source = "registry+https://github.com/rust-lang/crates.io-index"
checksum = "b62dbe01f0b06f9d8dc7d49e05a0785f153b00b2c227856282f671e0318c9b15"
dependencies = [
 "aho-corasick",
 "memchr",
 "regex-automata",
 "regex-syntax",
]

[[package]]
name = "regex-automata"
version = "0.4.5"
source = "registry+https://github.com/rust-lang/crates.io-index"
checksum = "5bb987efffd3c6d0d8f5f89510bb458559eab11e4f869acb20bf845e016259cd"
dependencies = [
 "aho-corasick",
 "memchr",
 "regex-syntax",
]

[[package]]
name = "regex-syntax"
version = "0.8.2"
source = "registry+https://github.com/rust-lang/crates.io-index"
checksum = "c08c74e62047bb2de4ff487b251e4a92e24f48745648451635cec7d591162d9f"

[[package]]
name = "ryu"
version = "1.0.16"
source = "registry+https://github.com/rust-lang/crates.io-index"
checksum = "f98d2aa92eebf49b69786be48e4477826b256916e84a57ff2a4f21923b48eb4c"

[[package]]
name = "serde"
version = "1.0.219"
source = "registry+https://github.com/rust-lang/crates.io-index"
checksum = "5f0e2c6ed6606019b4e29e69dbaba95b11854410e5347d525002456dbbb786b6"
dependencies = [
 "serde_derive",
]

[[package]]
name = "serde_derive"
version = "1.0.219"
source = "registry+https://github.com/rust-lang/crates.io-index"
checksum = "5b0276cf7f2c73365f7157c8123c21cd9a50fbbd844757af28ca1f5925fc2a00"
dependencies = [
 "proc-macro2",
 "quote",
 "syn 2.0.100",
]

[[package]]
name = "serde_json"
version = "1.0.111"
source = "registry+https://github.com/rust-lang/crates.io-index"
checksum = "176e46fa42316f18edd598015a5166857fc835ec732f5215eac6b7bdbf0a84f4"
dependencies = [
 "itoa",
 "ryu",
 "serde",
]

[[package]]
name = "serde_urlencoded"
version = "0.7.1"
source = "registry+https://github.com/rust-lang/crates.io-index"
checksum = "d3491c14715ca2294c4d6a88f15e84739788c1d030eed8c110436aafdaa2f3fd"
dependencies = [
 "form_urlencoded",
 "itoa",
 "ryu",
 "serde",
]

[[package]]
name = "sha2"
version = "0.9.9"
source = "registry+https://github.com/rust-lang/crates.io-index"
checksum = "4d58a1e1bf39749807d89cf2d98ac2dfa0ff1cb3faa38fbb64dd88ac8013d800"
dependencies = [
 "block-buffer",
 "cfg-if",
 "cpufeatures",
 "digest",
 "opaque-debug",
]

[[package]]
name = "siphasher"
version = "1.0.1"
source = "registry+https://github.com/rust-lang/crates.io-index"
checksum = "56199f7ddabf13fe5074ce809e7d3f42b42ae711800501b5b16ea82ad029c39d"

[[package]]
name = "smallvec"
version = "1.15.0"
source = "registry+https://github.com/rust-lang/crates.io-index"
checksum = "8917285742e9f3e1683f0a9c4e6b57960b7314d0b08d30d1ecd426713ee2eee9"

[[package]]
name = "stable_deref_trait"
version = "1.2.0"
source = "registry+https://github.com/rust-lang/crates.io-index"
checksum = "a8f112729512f8e442d81f95a8a7ddf2b7c6b8a1a6f509a95864142b30cab2d3"

[[package]]
name = "syn"
version = "1.0.109"
source = "registry+https://github.com/rust-lang/crates.io-index"
checksum = "72b64191b275b66ffe2469e8af2c1cfe3bafa67b529ead792a6d0160888b4237"
dependencies = [
 "proc-macro2",
 "quote",
 "unicode-ident",
]

[[package]]
name = "syn"
version = "2.0.100"
source = "registry+https://github.com/rust-lang/crates.io-index"
checksum = "b09a44accad81e1ba1cd74a32461ba89dee89095ba17b32f5d03683b1b1fc2a0"
dependencies = [
 "proc-macro2",
 "quote",
 "unicode-ident",
]

[[package]]
name = "thiserror"
version = "1.0.56"
source = "registry+https://github.com/rust-lang/crates.io-index"
checksum = "d54378c645627613241d077a3a79db965db602882668f9136ac42af9ecb730ad"
dependencies = [
 "thiserror-impl",
]

[[package]]
name = "thiserror-impl"
version = "1.0.56"
source = "registry+https://github.com/rust-lang/crates.io-index"
checksum = "fa0faa943b50f3db30a20aa7e265dbc66076993efed8463e8de414e5d06d3471"
dependencies = [
 "proc-macro2",
 "quote",
 "syn 2.0.100",
]

[[package]]
name = "time"
version = "0.3.41"
source = "registry+https://github.com/rust-lang/crates.io-index"
checksum = "8a7619e19bc266e0f9c5e6686659d394bc57973859340060a69221e57dbc0c40"
dependencies = [
 "deranged",
 "itoa",
 "num-conv",
 "powerfmt",
 "serde",
 "time-core",
 "time-macros",
]

[[package]]
name = "time-core"
version = "0.1.4"
source = "registry+https://github.com/rust-lang/crates.io-index"
checksum = "c9e9a38711f559d9e3ce1cdb06dd7c5b8ea546bc90052da6d06bb76da74bb07c"

[[package]]
name = "time-macros"
version = "0.2.22"
source = "registry+https://github.com/rust-lang/crates.io-index"
checksum = "3526739392ec93fd8b359c8e98514cb3e8e021beb4e5f597b00a0221f8ed8a49"
dependencies = [
 "num-conv",
 "time-core",
]

[[package]]
name = "tinyvec"
version = "1.6.0"
source = "registry+https://github.com/rust-lang/crates.io-index"
checksum = "87cc5ceb3875bb20c2890005a4e226a4651264a5c75edb2421b52861a0a0cb50"
dependencies = [
 "tinyvec_macros",
]

[[package]]
name = "tinyvec_macros"
version = "0.1.1"
source = "registry+https://github.com/rust-lang/crates.io-index"
checksum = "1f3ccbac311fea05f86f61904b462b55fb3df8837a366dfc601a0161d0532f20"

[[package]]
name = "typenum"
version = "1.17.0"
source = "registry+https://github.com/rust-lang/crates.io-index"
checksum = "42ff0bf0c66b8238c6f3b578df37d0b7848e55df8577b3f74f92a69acceeb825"

[[package]]
name = "unicode-bidi"
version = "0.3.15"
source = "registry+https://github.com/rust-lang/crates.io-index"
checksum = "08f95100a766bf4f8f28f90d77e0a5461bbdb219042e7679bebe79004fed8d75"

[[package]]
name = "unicode-ident"
version = "1.0.18"
source = "registry+https://github.com/rust-lang/crates.io-index"
checksum = "5a5f39404a5da50712a4c1eecf25e90dd62b613502b7e925fd4e4d19b5c96512"

[[package]]
name = "unicode-normalization"
version = "0.1.22"
source = "registry+https://github.com/rust-lang/crates.io-index"
checksum = "5c5713f0fc4b5db668a2ac63cdb7bb4469d8c9fed047b1d0292cc7b0ce2ba921"
dependencies = [
 "tinyvec",
]

[[package]]
name = "url"
version = "2.5.0"
source = "registry+https://github.com/rust-lang/crates.io-index"
checksum = "31e6302e3bb753d46e83516cae55ae196fc0c309407cf11ab35cc51a4c2a4633"
dependencies = [
 "form_urlencoded",
 "idna",
 "percent-encoding",
]

[[package]]
name = "version_check"
version = "0.9.4"
source = "registry+https://github.com/rust-lang/crates.io-index"
checksum = "49874b5167b65d7193b8aba1567f5c7d93d001cafc34600cee003eda787e483f"
